
Microsoft Visual Studio Solution File, Format Version 12.00
# Visual Studio Version 17
VisualStudioVersion = 17.5.002.0
MinimumVisualStudioVersion = 10.0.40219.1
Project("{9A19103F-16F7-4668-BE54-9A1E7A4F7556}") = "Crowdfunding", "Crowdfunding.csproj", "{3516E51B-D607-4A6E-B02C-F820DC43080E}"
EndProject
Global
	GlobalSection(SolutionConfigurationPlatforms) = preSolution
		Debug|Any CPU = Debug|Any CPU
		Release|Any CPU = Release|Any CPU
	EndGlobalSection
	GlobalSection(ProjectConfigurationPlatforms) = postSolution
		{3516E51B-D607-4A6E-B02C-F820DC43080E}.Debug|Any CPU.ActiveCfg = Debug|Any CPU
		{3516E51B-D607-4A6E-B02C-F820DC43080E}.Debug|Any CPU.Build.0 = Debug|Any CPU
		{3516E51B-D607-4A6E-B02C-F820DC43080E}.Release|Any CPU.ActiveCfg = Release|Any CPU
		{3516E51B-D607-4A6E-B02C-F820DC43080E}.Release|Any CPU.Build.0 = Release|Any CPU
	EndGlobalSection
	GlobalSection(SolutionProperties) = preSolution
		HideSolutionNode = FALSE
	EndGlobalSection
	GlobalSection(ExtensibilityGlobals) = postSolution
		SolutionGuid = {40D7C59C-5CB5-4590-BB31-CF171CF44CF7}
	EndGlobalSection
EndGlobal
